
Microsoft Visual Studio Solution File, Format Version 12.00
# Visual Studio Version 17
VisualStudioVersion = 17.4.33122.133
MinimumVisualStudioVersion = 10.0.40219.1
Project("{FAE04EC0-301F-11D3-BF4B-00C04F79EFBC}") = "Plane", "Plane\Plane.csproj", "{3EFA4874-A105-40FC-A850-C69749064867}"
EndProject
Global
	GlobalSection(SolutionConfigurationPlatforms) = preSolution
		Debug|Any CPU = Debug|Any CPU
		Release|Any CPU = Release|Any CPU
	EndGlobalSection
	GlobalSection(ProjectConfigurationPlatforms) = postSolution
		{3EFA4874-A105-40FC-A850-C69749064867}.Debug|Any CPU.ActiveCfg = Debug|Any CPU
		{3EFA4874-A105-40FC-A850-C69749064867}.Debug|Any CPU.Build.0 = Debug|Any CPU
		{3EFA4874-A105-40FC-A850-C69749064867}.Release|Any CPU.ActiveCfg = Release|Any CPU
		{3EFA4874-A105-40FC-A850-C69749064867}.Release|Any CPU.Build.0 = Release|Any CPU
	EndGlobalSection
	GlobalSection(SolutionProperties) = preSolution
		HideSolutionNode = FALSE
	EndGlobalSection
	GlobalSection(ExtensibilityGlobals) = postSolution
		SolutionGuid = {E92378ED-234D-4990-AF97-3F05AD05584D}
	EndGlobalSection
EndGlobal
