
Microsoft Visual Studio Solution File, Format Version 12.00
# Visual Studio Version 17
VisualStudioVersion = 17.4.33122.133
MinimumVisualStudioVersion = 10.0.40219.1
Project("{FAE04EC0-301F-11D3-BF4B-00C04F79EFBC}") = "Minesweeper", "Minesweeper\Minesweeper.csproj", "{B9259DA0-530B-4D95-8448-0CA06DCD5EB8}"
EndProject
Global
	GlobalSection(SolutionConfigurationPlatforms) = preSolution
		Debug|Any CPU = Debug|Any CPU
		Release|Any CPU = Release|Any CPU
	EndGlobalSection
	GlobalSection(ProjectConfigurationPlatforms) = postSolution
		{B9259DA0-530B-4D95-8448-0CA06DCD5EB8}.Debug|Any CPU.ActiveCfg = Debug|Any CPU
		{B9259DA0-530B-4D95-8448-0CA06DCD5EB8}.Debug|Any CPU.Build.0 = Debug|Any CPU
		{B9259DA0-530B-4D95-8448-0CA06DCD5EB8}.Release|Any CPU.ActiveCfg = Release|Any CPU
		{B9259DA0-530B-4D95-8448-0CA06DCD5EB8}.Release|Any CPU.Build.0 = Release|Any CPU
	EndGlobalSection
	GlobalSection(SolutionProperties) = preSolution
		HideSolutionNode = FALSE
	EndGlobalSection
	GlobalSection(ExtensibilityGlobals) = postSolution
		SolutionGuid = {F7500C2E-160D-433E-9EA8-71C5E6E3CDE6}
	EndGlobalSection
EndGlobal
